{
  "name": "@thibremy/vitale-pages",
  "version": "0.0.1",
  "lockfileVersion": 1,
  "requires": true,
  "dependencies": {
    "voie-pages": {
      "version": "0.4.0",
      "resolved": "https://registry.npmjs.org/voie-pages/-/voie-pages-0.4.0.tgz",
      "integrity": "sha512-3oa4wm9tTQEPFdEZychcqCF91PfsEZfvJZ62GoGJf9fpzDF5DnmNZJYQkGxzRbKYUvaIYm37DCd5yDn8btl0eA==",
      "requires": {
        "vue-router": "^4.0.0-beta.4"
      },
      "dependencies": {
        "vue-router": {
          "version": "4.0.0-beta.12",
          "resolved": "https://registry.npmjs.org/vue-router/-/vue-router-4.0.0-beta.12.tgz",
          "integrity": "sha512-prbqAs2hSlKGt3U/Iyq8G62q/oprwmEd//a6x5M1uqP1aZxwjq0s27ZG8hfUSOOPB7SYg4NOydwy6zi/b3S2Ww=="
        }
      }
    },
    "vue-router": {
      "version": "4.0.0-beta.12",
      "resolved": "https://registry.npmjs.org/vue-router/-/vue-router-4.0.0-beta.12.tgz",
      "integrity": "sha512-prbqAs2hSlKGt3U/Iyq8G62q/oprwmEd//a6x5M1uqP1aZxwjq0s27ZG8hfUSOOPB7SYg4NOydwy6zi/b3S2Ww=="
    }
  }
}
